
Microsoft Visual Studio Solution File, Format Version 12.00
# Visual Studio Version 16
VisualStudioVersion = 16.0.31624.102
MinimumVisualStudioVersion = 10.0.40219.1
Project("{FAE04EC0-301F-11D3-BF4B-00C04F79EFBC}") = "ConsoleAppDBFirstDemo", "ConsoleAppDBFirstDemo\ConsoleAppDBFirstDemo.csproj", "{4D5243F4-FB45-4314-81E8-EF5378551785}"
EndProject
Global
	GlobalSection(SolutionConfigurationPlatforms) = preSolution
		Debug|Any CPU = Debug|Any CPU
		Release|Any CPU = Release|Any CPU
	EndGlobalSection
	GlobalSection(ProjectConfigurationPlatforms) = postSolution
		{4D5243F4-FB45-4314-81E8-EF5378551785}.Debug|Any CPU.ActiveCfg = Debug|Any CPU
		{4D5243F4-FB45-4314-81E8-EF5378551785}.Debug|Any CPU.Build.0 = Debug|Any CPU
		{4D5243F4-FB45-4314-81E8-EF5378551785}.Release|Any CPU.ActiveCfg = Release|Any CPU
		{4D5243F4-FB45-4314-81E8-EF5378551785}.Release|Any CPU.Build.0 = Release|Any CPU
	EndGlobalSection
	GlobalSection(SolutionProperties) = preSolution
		HideSolutionNode = FALSE
	EndGlobalSection
	GlobalSection(ExtensibilityGlobals) = postSolution
		SolutionGuid = {BDF65830-2CB9-4DA0-A745-E4A2D51BA4FF}
	EndGlobalSection
EndGlobal
